{
  "name": "cloudretail",
  "lockfileVersion": 3,
  "requires": true,
  "packages": {
    "": {
      "name": "cloudretail",
      "workspaces": [
        "apps/*"
      ],
      "devDependencies": {
        "prettier": "^3.4.1"
      }
    },
    "apps/api": {
      "name": "@cloudretail/api"
    },
    "apps/ui": {
      "name": "@cloudretail/ui"
    },
    "node_modules/@cloudretail/api": {
      "resolved": "apps/api",
      "link": true
    },
    "node_modules/@cloudretail/ui": {
      "resolved": "apps/ui",
      "link": true
    },
    "node_modules/prettier": {
      "version": "3.4.1",
      "resolved": "https://gousto-472493421475.d.codeartifact.eu-west-1.amazonaws.com/npm/proxy-repository/prettier/-/prettier-3.4.1.tgz",
      "integrity": "sha512-G+YdqtITVZmOJje6QkXQWzl3fSfMxFwm1tjTyo9exhkmWSqC4Yhd1+lug++IlR2mvRVAxEDDWYkQdeSztajqgg==",
      "dev": true,
      "license": "MIT",
      "bin": {
        "prettier": "bin/prettier.cjs"
      },
      "engines": {
        "node": ">=14"
      },
      "funding": {
        "url": "https://github.com/prettier/prettier?sponsor=1"
      }
    }
  }
}
